
Microsoft Visual Studio Solution File, Format Version 12.00
# Visual Studio Version 17
VisualStudioVersion = 17.8.34330.188
MinimumVisualStudioVersion = 10.0.40219.1
Project("{FAE04EC0-301F-11D3-BF4B-00C04F79EFBC}") = "Wep_scraping", "Wep_scraping\Wep_scraping.csproj", "{31AF6A04-F052-4CD8-9CEF-134C3E823410}"
EndProject
Global
	GlobalSection(SolutionConfigurationPlatforms) = preSolution
		Debug|Any CPU = Debug|Any CPU
		Release|Any CPU = Release|Any CPU
	EndGlobalSection
	GlobalSection(ProjectConfigurationPlatforms) = postSolution
		{31AF6A04-F052-4CD8-9CEF-134C3E823410}.Debug|Any CPU.ActiveCfg = Debug|Any CPU
		{31AF6A04-F052-4CD8-9CEF-134C3E823410}.Debug|Any CPU.Build.0 = Debug|Any CPU
		{31AF6A04-F052-4CD8-9CEF-134C3E823410}.Release|Any CPU.ActiveCfg = Release|Any CPU
		{31AF6A04-F052-4CD8-9CEF-134C3E823410}.Release|Any CPU.Build.0 = Release|Any CPU
	EndGlobalSection
	GlobalSection(SolutionProperties) = preSolution
		HideSolutionNode = FALSE
	EndGlobalSection
	GlobalSection(ExtensibilityGlobals) = postSolution
		SolutionGuid = {F8D99F55-0235-46CD-BED2-208396E3E702}
	EndGlobalSection
EndGlobal
